// !$*UTF8*$!
{
	archiveVersion = 1;
	classes = {
	};
	objectVersion = 56;
	objects = {

/* Begin PBXBuildFile section */
		A405FC982B158AB50088D8FA /* AppDelegate.swift in Sources */ = {isa = PBXBuildFile; fileRef = A405FC972B158AB50088D8FA /* AppDelegate.swift */; };
		A405FC9A2B158AB50088D8FA /* SceneDelegate.swift in Sources */ = {isa = PBXBuildFile; fileRef = A405FC992B158AB50088D8FA /* SceneDelegate.swift */; };
		A405FCA12B158AB70088D8FA /* Assets.xcassets in Resources */ = {isa = PBXBuildFile; fileRef = A405FCA02B158AB70088D8FA /* Assets.xcassets */; };
		A405FCA42B158AB70088D8FA /* LaunchScreen.storyboard in Resources */ = {isa = PBXBuildFile; fileRef = A405FCA22B158AB70088D8FA /* LaunchScreen.storyboard */; };
		A43013D82B5A382D00CFDD85 /* DetailPokemonPresenter.swift in Sources */ = {isa = PBXBuildFile; fileRef = A43013D32B5A382D00CFDD85 /* DetailPokemonPresenter.swift */; };
		A43013D92B5A382D00CFDD85 /* DetailPokemonRouter.swift in Sources */ = {isa = PBXBuildFile; fileRef = A43013D42B5A382D00CFDD85 /* DetailPokemonRouter.swift */; };
		A43013DA2B5A382D00CFDD85 /* DetailPokemonViewController.swift in Sources */ = {isa = PBXBuildFile; fileRef = A43013D52B5A382D00CFDD85 /* DetailPokemonViewController.swift */; };
		A43013DB2B5A382D00CFDD85 /* DetailPokemonProtocols.swift in Sources */ = {isa = PBXBuildFile; fileRef = A43013D62B5A382D00CFDD85 /* DetailPokemonProtocols.swift */; };
		A43013DC2B5A382D00CFDD85 /* DetailPokemonInteractor.swift in Sources */ = {isa = PBXBuildFile; fileRef = A43013D72B5A382D00CFDD85 /* DetailPokemonInteractor.swift */; };
		A43013E82B5A3BAC00CFDD85 /* PokemonSpriteCollectionViewCell.swift in Sources */ = {isa = PBXBuildFile; fileRef = A43013E62B5A3BAC00CFDD85 /* PokemonSpriteCollectionViewCell.swift */; };
		A43013E92B5A3BAC00CFDD85 /* PokemonSpriteCollectionViewCell.xib in Resources */ = {isa = PBXBuildFile; fileRef = A43013E72B5A3BAC00CFDD85 /* PokemonSpriteCollectionViewCell.xib */; };
		A43013EC2B5A400C00CFDD85 /* DetailPokemonViewControllerExtension.swift in Sources */ = {isa = PBXBuildFile; fileRef = A43013EB2B5A400C00CFDD85 /* DetailPokemonViewControllerExtension.swift */; };
		A43181082B7AAFCF00E2C65E /* Optional+Extension.swift in Sources */ = {isa = PBXBuildFile; fileRef = A43181072B7AAFCF00E2C65E /* Optional+Extension.swift */; };
		A431810D2B7AC3EF00E2C65E /* ChainSimple.swift in Sources */ = {isa = PBXBuildFile; fileRef = A431810C2B7AC3EF00E2C65E /* ChainSimple.swift */; };
		A431810F2B7AC3FF00E2C65E /* ChainSimple.xib in Resources */ = {isa = PBXBuildFile; fileRef = A431810E2B7AC3FF00E2C65E /* ChainSimple.xib */; };
		A43181112B7ACA5700E2C65E /* Main.storyboard in Resources */ = {isa = PBXBuildFile; fileRef = A43181102B7ACA5700E2C65E /* Main.storyboard */; };
		A43181142B7AD25300E2C65E /* SpeciesPokemonResponse.swift in Sources */ = {isa = PBXBuildFile; fileRef = A43181132B7AD25300E2C65E /* SpeciesPokemonResponse.swift */; };
		A43181162B7AD60100E2C65E /* ViewController.swift in Sources */ = {isa = PBXBuildFile; fileRef = A43181152B7AD60100E2C65E /* ViewController.swift */; };
		A43181192B7AE80400E2C65E /* ChainEvolutionResponse.swift in Sources */ = {isa = PBXBuildFile; fileRef = A43181182B7AE80400E2C65E /* ChainEvolutionResponse.swift */; };
		A43FD16A2B15B903007ADE79 /* AllPokemonPresenter.swift in Sources */ = {isa = PBXBuildFile; fileRef = A43FD1652B15B903007ADE79 /* AllPokemonPresenter.swift */; };
		A43FD16B2B15B903007ADE79 /* AllPokemonRouter.swift in Sources */ = {isa = PBXBuildFile; fileRef = A43FD1662B15B903007ADE79 /* AllPokemonRouter.swift */; };
		A43FD16C2B15B903007ADE79 /* AllPokemonViewController.swift in Sources */ = {isa = PBXBuildFile; fileRef = A43FD1672B15B903007ADE79 /* AllPokemonViewController.swift */; };
		A43FD16D2B15B903007ADE79 /* AllPokemonProtocols.swift in Sources */ = {isa = PBXBuildFile; fileRef = A43FD1682B15B903007ADE79 /* AllPokemonProtocols.swift */; };
		A43FD16E2B15B903007ADE79 /* AllPokemonInteractor.swift in Sources */ = {isa = PBXBuildFile; fileRef = A43FD1692B15B903007ADE79 /* AllPokemonInteractor.swift */; };
		A43FD1702B15BA6E007ADE79 /* AllPokemonViewController.xib in Resources */ = {isa = PBXBuildFile; fileRef = A43FD16F2B15BA6E007ADE79 /* AllPokemonViewController.xib */; };
		A43FD1762B15BBAC007ADE79 /* AllPokemonTableViewCell.swift in Sources */ = {isa = PBXBuildFile; fileRef = A43FD1742B15BBAC007ADE79 /* AllPokemonTableViewCell.swift */; };
		A43FD1772B15BBAC007ADE79 /* AllPokemonTableViewCell.xib in Resources */ = {isa = PBXBuildFile; fileRef = A43FD1752B15BBAC007ADE79 /* AllPokemonTableViewCell.xib */; };
		A43FD1802B15BD0B007ADE79 /* AllPokemonViewControllerExtension.swift in Sources */ = {isa = PBXBuildFile; fileRef = A43FD17F2B15BD0B007ADE79 /* AllPokemonViewControllerExtension.swift */; };
		A43FD1842B15BE6E007ADE79 /* TableViewCell+Extension.swift in Sources */ = {isa = PBXBuildFile; fileRef = A43FD1832B15BE6E007ADE79 /* TableViewCell+Extension.swift */; };
		A43FD1872B15BF56007ADE79 /* TableView+Extension.swift in Sources */ = {isa = PBXBuildFile; fileRef = A43FD1862B15BF56007ADE79 /* TableView+Extension.swift */; };
		A43FD18B2B15C38F007ADE79 /* UIVIew+Extension.swift in Sources */ = {isa = PBXBuildFile; fileRef = A43FD18A2B15C38F007ADE79 /* UIVIew+Extension.swift */; };
		A43FD18E2B15C418007ADE79 /* UIImageView+Extension.swift in Sources */ = {isa = PBXBuildFile; fileRef = A43FD18D2B15C418007ADE79 /* UIImageView+Extension.swift */; };
		A43FD1902B15C4C6007ADE79 /* PokeServiceManager.swift in Sources */ = {isa = PBXBuildFile; fileRef = A43FD18F2B15C4C6007ADE79 /* PokeServiceManager.swift */; };
		A43FD1922B15C52D007ADE79 /* PokeURLConfiguration.swift in Sources */ = {isa = PBXBuildFile; fileRef = A43FD1912B15C52D007ADE79 /* PokeURLConfiguration.swift */; };
		A43FD1952B15C578007ADE79 /* String+Extension.swift in Sources */ = {isa = PBXBuildFile; fileRef = A43FD1942B15C578007ADE79 /* String+Extension.swift */; };
		A43FD1972B15C5D9007ADE79 /* ErrorNetwork.swift in Sources */ = {isa = PBXBuildFile; fileRef = A43FD1962B15C5D9007ADE79 /* ErrorNetwork.swift */; };
		A43FD1992B15C7AA007ADE79 /* Paths.swift in Sources */ = {isa = PBXBuildFile; fileRef = A43FD1982B15C7AA007ADE79 /* Paths.swift */; };
		A43FD19E2B15C91E007ADE79 /* AllPokemonResponse.swift in Sources */ = {isa = PBXBuildFile; fileRef = A43FD19D2B15C91E007ADE79 /* AllPokemonResponse.swift */; };
		A43FD1B22B15D2A7007ADE79 /* UIViewController+Extension.swift in Sources */ = {isa = PBXBuildFile; fileRef = A43FD1B12B15D2A7007ADE79 /* UIViewController+Extension.swift */; };
		A45783D82D40768F00852886 /* PokeTabBarController.swift in Sources */ = {isa = PBXBuildFile; fileRef = A45783D72D40768D00852886 /* PokeTabBarController.swift */; };
		A465AE372D5DC30C00FE9BBE /* TypesPokemonResponse.swift in Sources */ = {isa = PBXBuildFile; fileRef = A465AE362D5DC30B00FE9BBE /* TypesPokemonResponse.swift */; };
		A46699912C4F421B00D991B5 /* DetailPokemonChain.swift in Sources */ = {isa = PBXBuildFile; fileRef = A46699902C4F421B00D991B5 /* DetailPokemonChain.swift */; };
		A46699942C4F94FB00D991B5 /* NoChain.swift in Sources */ = {isa = PBXBuildFile; fileRef = A46699932C4F94FB00D991B5 /* NoChain.swift */; };
		A46699962C4F950F00D991B5 /* NoChain.xib in Resources */ = {isa = PBXBuildFile; fileRef = A46699952C4F950F00D991B5 /* NoChain.xib */; };
		A47E942F2B702A560049E311 /* DetailPokemonViewController.xib in Resources */ = {isa = PBXBuildFile; fileRef = A47E942E2B702A560049E311 /* DetailPokemonViewController.xib */; };
		A47E94322B7087AD0049E311 /* SpritesPokemonResponse.swift in Sources */ = {isa = PBXBuildFile; fileRef = A47E94312B7087AD0049E311 /* SpritesPokemonResponse.swift */; };
		A47E94342B708D8A0049E311 /* SpritesResponse.swift in Sources */ = {isa = PBXBuildFile; fileRef = A47E94332B708D8A0049E311 /* SpritesResponse.swift */; };
		A47E94372B7096E70049E311 /* Array+Extension.swift in Sources */ = {isa = PBXBuildFile; fileRef = A47E94362B7096E70049E311 /* Array+Extension.swift */; };
		A47E943A2B70AF600049E311 /* Int+Extension.swift in Sources */ = {isa = PBXBuildFile; fileRef = A47E94392B70AF600049E311 /* Int+Extension.swift */; };
		A47E943D2B70AFCA0049E311 /* Double+Extension.swift in Sources */ = {isa = PBXBuildFile; fileRef = A47E943C2B70AFCA0049E311 /* Double+Extension.swift */; };
		A49CB1002BEB493F00F4293E /* ChainDouble.swift in Sources */ = {isa = PBXBuildFile; fileRef = A49CB0FF2BEB493F00F4293E /* ChainDouble.swift */; };
		A49CB1022BEB495500F4293E /* ChainDouble.xib in Resources */ = {isa = PBXBuildFile; fileRef = A49CB1012BEB495500F4293E /* ChainDouble.xib */; };
		A4DB4AAC2D5D2B7900AD9D68 /* PokeTypesRouter.swift in Sources */ = {isa = PBXBuildFile; fileRef = A4DB4AAA2D5D2B7900AD9D68 /* PokeTypesRouter.swift */; };
		A4DB4AAD2D5D2B7900AD9D68 /* PokeTypesInteractor.swift in Sources */ = {isa = PBXBuildFile; fileRef = A4DB4AA72D5D2B7900AD9D68 /* PokeTypesInteractor.swift */; };
		A4DB4AAE2D5D2B7900AD9D68 /* PokeTypesProtocols.swift in Sources */ = {isa = PBXBuildFile; fileRef = A4DB4AA92D5D2B7900AD9D68 /* PokeTypesProtocols.swift */; };
		A4DB4AAF2D5D2B7900AD9D68 /* PokeTypesViewController.swift in Sources */ = {isa = PBXBuildFile; fileRef = A4DB4AAB2D5D2B7900AD9D68 /* PokeTypesViewController.swift */; };
		A4DB4AB02D5D2B7900AD9D68 /* PokeTypesPresenter.swift in Sources */ = {isa = PBXBuildFile; fileRef = A4DB4AA82D5D2B7900AD9D68 /* PokeTypesPresenter.swift */; };
		A4DB4AB22D5D2BBF00AD9D68 /* PokeTypesViewController.xib in Resources */ = {isa = PBXBuildFile; fileRef = A4DB4AB12D5D2BBF00AD9D68 /* PokeTypesViewController.xib */; };
		A4DB4AB92D5D2E7D00AD9D68 /* PokeTypesViewControllerExtension.swift in Sources */ = {isa = PBXBuildFile; fileRef = A4DB4AB82D5D2E7800AD9D68 /* PokeTypesViewControllerExtension.swift */; };
		A4DB4ABC2D5D307600AD9D68 /* TypesCellTableViewCell.xib in Resources */ = {isa = PBXBuildFile; fileRef = A4DB4ABB2D5D307600AD9D68 /* TypesCellTableViewCell.xib */; };
		A4DB4ABD2D5D307600AD9D68 /* TypesCellTableViewCell.swift in Sources */ = {isa = PBXBuildFile; fileRef = A4DB4ABA2D5D307600AD9D68 /* TypesCellTableViewCell.swift */; };
/* End PBXBuildFile section */

/* Begin PBXFileReference section */
		A405FC942B158AB50088D8FA /* AdventurePokedex.app */ = {isa = PBXFileReference; explicitFileType = wrapper.application; includeInIndex = 0; path = AdventurePokedex.app; sourceTree = BUILT_PRODUCTS_DIR; };
		A405FC972B158AB50088D8FA /* AppDelegate.swift */ = {isa = PBXFileReference; lastKnownFileType = sourcecode.swift; path = AppDelegate.swift; sourceTree = "<group>"; };
		A405FC992B158AB50088D8FA /* SceneDelegate.swift */ = {isa = PBXFileReference; lastKnownFileType = sourcecode.swift; path = SceneDelegate.swift; sourceTree = "<group>"; };
		A405FCA02B158AB70088D8FA /* Assets.xcassets */ = {isa = PBXFileReference; lastKnownFileType = folder.assetcatalog; path = Assets.xcassets; sourceTree = "<group>"; };
		A405FCA32B158AB70088D8FA /* Base */ = {isa = PBXFileReference; lastKnownFileType = file.storyboard; name = Base; path = Base.lproj/LaunchScreen.storyboard; sourceTree = "<group>"; };
		A405FCA52B158AB70088D8FA /* Info.plist */ = {isa = PBXFileReference; lastKnownFileType = text.plist.xml; path = Info.plist; sourceTree = "<group>"; };
		A43013D32B5A382D00CFDD85 /* DetailPokemonPresenter.swift */ = {isa = PBXFileReference; lastKnownFileType = sourcecode.swift; path = DetailPokemonPresenter.swift; sourceTree = "<group>"; };
		A43013D42B5A382D00CFDD85 /* DetailPokemonRouter.swift */ = {isa = PBXFileReference; lastKnownFileType = sourcecode.swift; path = DetailPokemonRouter.swift; sourceTree = "<group>"; };
		A43013D52B5A382D00CFDD85 /* DetailPokemonViewController.swift */ = {isa = PBXFileReference; lastKnownFileType = sourcecode.swift; path = DetailPokemonViewController.swift; sourceTree = "<group>"; };
		A43013D62B5A382D00CFDD85 /* DetailPokemonProtocols.swift */ = {isa = PBXFileReference; lastKnownFileType = sourcecode.swift; path = DetailPokemonProtocols.swift; sourceTree = "<group>"; };
		A43013D72B5A382D00CFDD85 /* DetailPokemonInteractor.swift */ = {isa = PBXFileReference; lastKnownFileType = sourcecode.swift; path = DetailPokemonInteractor.swift; sourceTree = "<group>"; };
		A43013E62B5A3BAC00CFDD85 /* PokemonSpriteCollectionViewCell.swift */ = {isa = PBXFileReference; lastKnownFileType = sourcecode.swift; path = PokemonSpriteCollectionViewCell.swift; sourceTree = "<group>"; };
		A43013E72B5A3BAC00CFDD85 /* PokemonSpriteCollectionViewCell.xib */ = {isa = PBXFileReference; lastKnownFileType = file.xib; path = PokemonSpriteCollectionViewCell.xib; sourceTree = "<group>"; };
		A43013EB2B5A400C00CFDD85 /* DetailPokemonViewControllerExtension.swift */ = {isa = PBXFileReference; lastKnownFileType = sourcecode.swift; path = DetailPokemonViewControllerExtension.swift; sourceTree = "<group>"; };
		A43181072B7AAFCF00E2C65E /* Optional+Extension.swift */ = {isa = PBXFileReference; lastKnownFileType = sourcecode.swift; path = "Optional+Extension.swift"; sourceTree = "<group>"; };
		A431810C2B7AC3EF00E2C65E /* ChainSimple.swift */ = {isa = PBXFileReference; lastKnownFileType = sourcecode.swift; path = ChainSimple.swift; sourceTree = "<group>"; };
		A431810E2B7AC3FF00E2C65E /* ChainSimple.xib */ = {isa = PBXFileReference; lastKnownFileType = file.xib; path = ChainSimple.xib; sourceTree = "<group>"; };
		A43181102B7ACA5700E2C65E /* Main.storyboard */ = {isa = PBXFileReference; lastKnownFileType = file.storyboard; path = Main.storyboard; sourceTree = "<group>"; };
		A43181132B7AD25300E2C65E /* SpeciesPokemonResponse.swift */ = {isa = PBXFileReference; lastKnownFileType = sourcecode.swift; path = SpeciesPokemonResponse.swift; sourceTree = "<group>"; };
		A43181152B7AD60100E2C65E /* ViewController.swift */ = {isa = PBXFileReference; lastKnownFileType = sourcecode.swift; path = ViewController.swift; sourceTree = "<group>"; };
		A43181182B7AE80400E2C65E /* ChainEvolutionResponse.swift */ = {isa = PBXFileReference; lastKnownFileType = sourcecode.swift; path = ChainEvolutionResponse.swift; sourceTree = "<group>"; };
		A43FD1652B15B903007ADE79 /* AllPokemonPresenter.swift */ = {isa = PBXFileReference; lastKnownFileType = sourcecode.swift; path = AllPokemonPresenter.swift; sourceTree = "<group>"; };
		A43FD1662B15B903007ADE79 /* AllPokemonRouter.swift */ = {isa = PBXFileReference; lastKnownFileType = sourcecode.swift; path = AllPokemonRouter.swift; sourceTree = "<group>"; };
		A43FD1672B15B903007ADE79 /* AllPokemonViewController.swift */ = {isa = PBXFileReference; lastKnownFileType = sourcecode.swift; path = AllPokemonViewController.swift; sourceTree = "<group>"; };
		A43FD1682B15B903007ADE79 /* AllPokemonProtocols.swift */ = {isa = PBXFileReference; lastKnownFileType = sourcecode.swift; path = AllPokemonProtocols.swift; sourceTree = "<group>"; };
		A43FD1692B15B903007ADE79 /* AllPokemonInteractor.swift */ = {isa = PBXFileReference; lastKnownFileType = sourcecode.swift; path = AllPokemonInteractor.swift; sourceTree = "<group>"; };
		A43FD16F2B15BA6E007ADE79 /* AllPokemonViewController.xib */ = {isa = PBXFileReference; lastKnownFileType = file.xib; path = AllPokemonViewController.xib; sourceTree = "<group>"; };
		A43FD1742B15BBAC007ADE79 /* AllPokemonTableViewCell.swift */ = {isa = PBXFileReference; lastKnownFileType = sourcecode.swift; path = AllPokemonTableViewCell.swift; sourceTree = "<group>"; };
		A43FD1752B15BBAC007ADE79 /* AllPokemonTableViewCell.xib */ = {isa = PBXFileReference; lastKnownFileType = file.xib; path = AllPokemonTableViewCell.xib; sourceTree = "<group>"; };
		A43FD17F2B15BD0B007ADE79 /* AllPokemonViewControllerExtension.swift */ = {isa = PBXFileReference; lastKnownFileType = sourcecode.swift; path = AllPokemonViewControllerExtension.swift; sourceTree = "<group>"; };
		A43FD1832B15BE6E007ADE79 /* TableViewCell+Extension.swift */ = {isa = PBXFileReference; lastKnownFileType = sourcecode.swift; path = "TableViewCell+Extension.swift"; sourceTree = "<group>"; };
		A43FD1862B15BF56007ADE79 /* TableView+Extension.swift */ = {isa = PBXFileReference; lastKnownFileType = sourcecode.swift; path = "TableView+Extension.swift"; sourceTree = "<group>"; };
		A43FD18A2B15C38F007ADE79 /* UIVIew+Extension.swift */ = {isa = PBXFileReference; lastKnownFileType = sourcecode.swift; path = "UIVIew+Extension.swift"; sourceTree = "<group>"; };
		A43FD18D2B15C418007ADE79 /* UIImageView+Extension.swift */ = {isa = PBXFileReference; lastKnownFileType = sourcecode.swift; path = "UIImageView+Extension.swift"; sourceTree = "<group>"; };
		A43FD18F2B15C4C6007ADE79 /* PokeServiceManager.swift */ = {isa = PBXFileReference; lastKnownFileType = sourcecode.swift; path = PokeServiceManager.swift; sourceTree = "<group>"; };
		A43FD1912B15C52D007ADE79 /* PokeURLConfiguration.swift */ = {isa = PBXFileReference; lastKnownFileType = sourcecode.swift; path = PokeURLConfiguration.swift; sourceTree = "<group>"; };
		A43FD1942B15C578007ADE79 /* String+Extension.swift */ = {isa = PBXFileReference; lastKnownFileType = sourcecode.swift; path = "String+Extension.swift"; sourceTree = "<group>"; };
		A43FD1962B15C5D9007ADE79 /* ErrorNetwork.swift */ = {isa = PBXFileReference; lastKnownFileType = sourcecode.swift; path = ErrorNetwork.swift; sourceTree = "<group>"; };
		A43FD1982B15C7AA007ADE79 /* Paths.swift */ = {isa = PBXFileReference; lastKnownFileType = sourcecode.swift; path = Paths.swift; sourceTree = "<group>"; };
		A43FD19D2B15C91E007ADE79 /* AllPokemonResponse.swift */ = {isa = PBXFileReference; lastKnownFileType = sourcecode.swift; path = AllPokemonResponse.swift; sourceTree = "<group>"; };
		A43FD1B12B15D2A7007ADE79 /* UIViewController+Extension.swift */ = {isa = PBXFileReference; lastKnownFileType = sourcecode.swift; path = "UIViewController+Extension.swift"; sourceTree = "<group>"; };
		A45783D72D40768D00852886 /* PokeTabBarController.swift */ = {isa = PBXFileReference; lastKnownFileType = sourcecode.swift; path = PokeTabBarController.swift; sourceTree = "<group>"; };
		A465AE362D5DC30B00FE9BBE /* TypesPokemonResponse.swift */ = {isa = PBXFileReference; lastKnownFileType = sourcecode.swift; path = TypesPokemonResponse.swift; sourceTree = "<group>"; };
		A46699902C4F421B00D991B5 /* DetailPokemonChain.swift */ = {isa = PBXFileReference; lastKnownFileType = sourcecode.swift; path = DetailPokemonChain.swift; sourceTree = "<group>"; };
		A46699932C4F94FB00D991B5 /* NoChain.swift */ = {isa = PBXFileReference; lastKnownFileType = sourcecode.swift; path = NoChain.swift; sourceTree = "<group>"; };
		A46699952C4F950F00D991B5 /* NoChain.xib */ = {isa = PBXFileReference; lastKnownFileType = file.xib; path = NoChain.xib; sourceTree = "<group>"; };
		A47E942E2B702A560049E311 /* DetailPokemonViewController.xib */ = {isa = PBXFileReference; lastKnownFileType = file.xib; path = DetailPokemonViewController.xib; sourceTree = "<group>"; };
		A47E94312B7087AD0049E311 /* SpritesPokemonResponse.swift */ = {isa = PBXFileReference; lastKnownFileType = sourcecode.swift; path = SpritesPokemonResponse.swift; sourceTree = "<group>"; };
		A47E94332B708D8A0049E311 /* SpritesResponse.swift */ = {isa = PBXFileReference; lastKnownFileType = sourcecode.swift; path = SpritesResponse.swift; sourceTree = "<group>"; };
		A47E94362B7096E70049E311 /* Array+Extension.swift */ = {isa = PBXFileReference; lastKnownFileType = sourcecode.swift; path = "Array+Extension.swift"; sourceTree = "<group>"; };
		A47E94392B70AF600049E311 /* Int+Extension.swift */ = {isa = PBXFileReference; lastKnownFileType = sourcecode.swift; path = "Int+Extension.swift"; sourceTree = "<group>"; };
		A47E943C2B70AFCA0049E311 /* Double+Extension.swift */ = {isa = PBXFileReference; lastKnownFileType = sourcecode.swift; path = "Double+Extension.swift"; sourceTree = "<group>"; };
		A49CB0FF2BEB493F00F4293E /* ChainDouble.swift */ = {isa = PBXFileReference; lastKnownFileType = sourcecode.swift; path = ChainDouble.swift; sourceTree = "<group>"; };
		A49CB1012BEB495500F4293E /* ChainDouble.xib */ = {isa = PBXFileReference; lastKnownFileType = file.xib; path = ChainDouble.xib; sourceTree = "<group>"; };
		A4DB4AA72D5D2B7900AD9D68 /* PokeTypesInteractor.swift */ = {isa = PBXFileReference; lastKnownFileType = sourcecode.swift; path = PokeTypesInteractor.swift; sourceTree = "<group>"; };
		A4DB4AA82D5D2B7900AD9D68 /* PokeTypesPresenter.swift */ = {isa = PBXFileReference; lastKnownFileType = sourcecode.swift; path = PokeTypesPresenter.swift; sourceTree = "<group>"; };
		A4DB4AA92D5D2B7900AD9D68 /* PokeTypesProtocols.swift */ = {isa = PBXFileReference; lastKnownFileType = sourcecode.swift; path = PokeTypesProtocols.swift; sourceTree = "<group>"; };
		A4DB4AAA2D5D2B7900AD9D68 /* PokeTypesRouter.swift */ = {isa = PBXFileReference; lastKnownFileType = sourcecode.swift; path = PokeTypesRouter.swift; sourceTree = "<group>"; };
		A4DB4AAB2D5D2B7900AD9D68 /* PokeTypesViewController.swift */ = {isa = PBXFileReference; lastKnownFileType = sourcecode.swift; path = PokeTypesViewController.swift; sourceTree = "<group>"; };
		A4DB4AB12D5D2BBF00AD9D68 /* PokeTypesViewController.xib */ = {isa = PBXFileReference; lastKnownFileType = file.xib; path = PokeTypesViewController.xib; sourceTree = "<group>"; };
		A4DB4AB82D5D2E7800AD9D68 /* PokeTypesViewControllerExtension.swift */ = {isa = PBXFileReference; lastKnownFileType = sourcecode.swift; path = PokeTypesViewControllerExtension.swift; sourceTree = "<group>"; };
		A4DB4ABA2D5D307600AD9D68 /* TypesCellTableViewCell.swift */ = {isa = PBXFileReference; lastKnownFileType = sourcecode.swift; path = TypesCellTableViewCell.swift; sourceTree = "<group>"; };
		A4DB4ABB2D5D307600AD9D68 /* TypesCellTableViewCell.xib */ = {isa = PBXFileReference; lastKnownFileType = file.xib; path = TypesCellTableViewCell.xib; sourceTree = "<group>"; };
/* End PBXFileReference section */

/* Begin PBXFrameworksBuildPhase section */
		A405FC912B158AB50088D8FA /* Frameworks */ = {
			isa = PBXFrameworksBuildPhase;
			buildActionMask = 2147483647;
			files = (
			);
			runOnlyForDeploymentPostprocessing = 0;
		};
/* End PBXFrameworksBuildPhase section */

/* Begin PBXGroup section */
		A405FC8B2B158AB40088D8FA = {
			isa = PBXGroup;
			children = (
				A405FC962B158AB50088D8FA /* AdventurePokedex */,
				A405FC952B158AB50088D8FA /* Products */,
			);
			sourceTree = "<group>";
		};
		A405FC952B158AB50088D8FA /* Products */ = {
			isa = PBXGroup;
			children = (
				A405FC942B158AB50088D8FA /* AdventurePokedex.app */,
			);
			name = Products;
			sourceTree = "<group>";
		};
		A405FC962B158AB50088D8FA /* AdventurePokedex */ = {
			isa = PBXGroup;
			children = (
				A43FD19A2B15C88D007ADE79 /* Model */,
				A43FD1882B15C20F007ADE79 /* Services */,
				A43FD1812B15BE30007ADE79 /* Extension */,
				A43FD1712B15BB78007ADE79 /* View */,
				A405FCAB2B158B8F0088D8FA /* Modules */,
				A405FC972B158AB50088D8FA /* AppDelegate.swift */,
				A405FC992B158AB50088D8FA /* SceneDelegate.swift */,
				A405FCA02B158AB70088D8FA /* Assets.xcassets */,
				A405FCA22B158AB70088D8FA /* LaunchScreen.storyboard */,
				A43181102B7ACA5700E2C65E /* Main.storyboard */,
				A43181152B7AD60100E2C65E /* ViewController.swift */,
				A405FCA52B158AB70088D8FA /* Info.plist */,
			);
			path = AdventurePokedex;
			sourceTree = "<group>";
		};
		A405FCAB2B158B8F0088D8FA /* Modules */ = {
			isa = PBXGroup;
			children = (
				A4DB4A6A2D5A8D9800AD9D68 /* Types */,
				A45783D62D40764200852886 /* PokeTabBarController */,
				A42CFF322B5A36F1008DDB98 /* DetailPokemon */,
				A405FCB02B158DE90088D8FA /* AllPokemon */,
			);
			path = Modules;
			sourceTree = "<group>";
		};
		A405FCB02B158DE90088D8FA /* AllPokemon */ = {
			isa = PBXGroup;
			children = (
				A43FD17C2B15BC8E007ADE79 /* View */,
				A43FD17B2B15BC86007ADE79 /* Interactor */,
				A43FD17A2B15BC81007ADE79 /* Presenter */,
				A43FD17D2B15BCCC007ADE79 /* Protocols */,
				A43FD1782B15BC70007ADE79 /* Router */,
			);
			path = AllPokemon;
			sourceTree = "<group>";
		};
		A42CFF322B5A36F1008DDB98 /* DetailPokemon */ = {
			isa = PBXGroup;
			children = (
				A43013E22B5A386500CFDD85 /* View */,
				A43013E12B5A385D00CFDD85 /* Interactor */,
				A43013E02B5A385700CFDD85 /* Presenter */,
				A43013DF2B5A384E00CFDD85 /* Protocols */,
				A43013DE2B5A384600CFDD85 /* Entity */,
				A43013DD2B5A383C00CFDD85 /* Router */,
			);
			path = DetailPokemon;
			sourceTree = "<group>";
		};
		A43013DD2B5A383C00CFDD85 /* Router */ = {
			isa = PBXGroup;
			children = (
				A43013D42B5A382D00CFDD85 /* DetailPokemonRouter.swift */,
			);
			path = Router;
			sourceTree = "<group>";
		};
		A43013DE2B5A384600CFDD85 /* Entity */ = {
			isa = PBXGroup;
			children = (
				A46699902C4F421B00D991B5 /* DetailPokemonChain.swift */,
			);
			path = Entity;
			sourceTree = "<group>";
		};
		A43013DF2B5A384E00CFDD85 /* Protocols */ = {
			isa = PBXGroup;
			children = (
				A43013D62B5A382D00CFDD85 /* DetailPokemonProtocols.swift */,
			);
			path = Protocols;
			sourceTree = "<group>";
		};
		A43013E02B5A385700CFDD85 /* Presenter */ = {
			isa = PBXGroup;
			children = (
				A43013D32B5A382D00CFDD85 /* DetailPokemonPresenter.swift */,
			);
			path = Presenter;
			sourceTree = "<group>";
		};
		A43013E12B5A385D00CFDD85 /* Interactor */ = {
			isa = PBXGroup;
			children = (
				A43013D72B5A382D00CFDD85 /* DetailPokemonInteractor.swift */,
			);
			path = Interactor;
			sourceTree = "<group>";
		};
		A43013E22B5A386500CFDD85 /* View */ = {
			isa = PBXGroup;
			children = (
				A43013EA2B5A3FE500CFDD85 /* DetailPokemonExtension */,
				A43013D52B5A382D00CFDD85 /* DetailPokemonViewController.swift */,
				A47E942E2B702A560049E311 /* DetailPokemonViewController.xib */,
			);
			path = View;
			sourceTree = "<group>";
		};
		A43013E52B5A3B8600CFDD85 /* CollectionViewCell */ = {
			isa = PBXGroup;
			children = (
				A43013E62B5A3BAC00CFDD85 /* PokemonSpriteCollectionViewCell.swift */,
				A43013E72B5A3BAC00CFDD85 /* PokemonSpriteCollectionViewCell.xib */,
			);
			path = CollectionViewCell;
			sourceTree = "<group>";
		};
		A43013EA2B5A3FE500CFDD85 /* DetailPokemonExtension */ = {
			isa = PBXGroup;
			children = (
				A43013EB2B5A400C00CFDD85 /* DetailPokemonViewControllerExtension.swift */,
			);
			path = DetailPokemonExtension;
			sourceTree = "<group>";
		};
		A43181062B7AAF9300E2C65E /* Optional */ = {
			isa = PBXGroup;
			children = (
				A43181072B7AAFCF00E2C65E /* Optional+Extension.swift */,
			);
			path = Optional;
			sourceTree = "<group>";
		};
		A43181092B7AC38900E2C65E /* ChainEvolution */ = {
			isa = PBXGroup;
			children = (
				A46699922C4F94C700D991B5 /* NoChain */,
				A431810A2B7AC39500E2C65E /* ChainSimple */,
				A431810B2B7AC3A800E2C65E /* ChainDouble */,
			);
			path = ChainEvolution;
			sourceTree = "<group>";
		};
		A431810A2B7AC39500E2C65E /* ChainSimple */ = {
			isa = PBXGroup;
			children = (
				A431810C2B7AC3EF00E2C65E /* ChainSimple.swift */,
				A431810E2B7AC3FF00E2C65E /* ChainSimple.xib */,
			);
			path = ChainSimple;
			sourceTree = "<group>";
		};
		A431810B2B7AC3A800E2C65E /* ChainDouble */ = {
			isa = PBXGroup;
			children = (
				A49CB0FF2BEB493F00F4293E /* ChainDouble.swift */,
				A49CB1012BEB495500F4293E /* ChainDouble.xib */,
			);
			path = ChainDouble;
			sourceTree = "<group>";
		};
		A43181122B7AD23500E2C65E /* SpeciesPokemonResponse */ = {
			isa = PBXGroup;
			children = (
				A43181132B7AD25300E2C65E /* SpeciesPokemonResponse.swift */,
			);
			path = SpeciesPokemonResponse;
			sourceTree = "<group>";
		};
		A43181172B7AE7EA00E2C65E /* ChainEvolutionResponse */ = {
			isa = PBXGroup;
			children = (
				A43181182B7AE80400E2C65E /* ChainEvolutionResponse.swift */,
			);
			path = ChainEvolutionResponse;
			sourceTree = "<group>";
		};
		A43FD1712B15BB78007ADE79 /* View */ = {
			isa = PBXGroup;
			children = (
				A43181092B7AC38900E2C65E /* ChainEvolution */,
				A43013E52B5A3B8600CFDD85 /* CollectionViewCell */,
				A43FD1722B15BB82007ADE79 /* TableViewCell */,
			);
			path = View;
			sourceTree = "<group>";
		};
		A43FD1722B15BB82007ADE79 /* TableViewCell */ = {
			isa = PBXGroup;
			children = (
				A4DB4ABE2D5D312000AD9D68 /* TypesCell */,
				A43FD1732B15BB93007ADE79 /* AllPokemonCell */,
			);
			path = TableViewCell;
			sourceTree = "<group>";
		};
		A43FD1732B15BB93007ADE79 /* AllPokemonCell */ = {
			isa = PBXGroup;
			children = (
				A43FD1742B15BBAC007ADE79 /* AllPokemonTableViewCell.swift */,
				A43FD1752B15BBAC007ADE79 /* AllPokemonTableViewCell.xib */,
			);
			path = AllPokemonCell;
			sourceTree = "<group>";
		};
		A43FD1782B15BC70007ADE79 /* Router */ = {
			isa = PBXGroup;
			children = (
				A43FD1662B15B903007ADE79 /* AllPokemonRouter.swift */,
			);
			path = Router;
			sourceTree = "<group>";
		};
		A43FD17A2B15BC81007ADE79 /* Presenter */ = {
			isa = PBXGroup;
			children = (
				A43FD1652B15B903007ADE79 /* AllPokemonPresenter.swift */,
			);
			path = Presenter;
			sourceTree = "<group>";
		};
		A43FD17B2B15BC86007ADE79 /* Interactor */ = {
			isa = PBXGroup;
			children = (
				A43FD1692B15B903007ADE79 /* AllPokemonInteractor.swift */,
			);
			path = Interactor;
			sourceTree = "<group>";
		};
		A43FD17C2B15BC8E007ADE79 /* View */ = {
			isa = PBXGroup;
			children = (
				A43FD17E2B15BCF2007ADE79 /* ViewExtension */,
				A43FD1672B15B903007ADE79 /* AllPokemonViewController.swift */,
				A43FD16F2B15BA6E007ADE79 /* AllPokemonViewController.xib */,
			);
			path = View;
			sourceTree = "<group>";
		};
		A43FD17D2B15BCCC007ADE79 /* Protocols */ = {
			isa = PBXGroup;
			children = (
				A43FD1682B15B903007ADE79 /* AllPokemonProtocols.swift */,
			);
			path = Protocols;
			sourceTree = "<group>";
		};
		A43FD17E2B15BCF2007ADE79 /* ViewExtension */ = {
			isa = PBXGroup;
			children = (
				A43FD17F2B15BD0B007ADE79 /* AllPokemonViewControllerExtension.swift */,
			);
			path = ViewExtension;
			sourceTree = "<group>";
		};
		A43FD1812B15BE30007ADE79 /* Extension */ = {
			isa = PBXGroup;
			children = (
				A43181062B7AAF9300E2C65E /* Optional */,
				A47E943B2B70AFBC0049E311 /* Double */,
				A47E94382B70AF4F0049E311 /* Int */,
				A47E94352B7096CC0049E311 /* Array */,
				A43FD1932B15C553007ADE79 /* String */,
				A43FD1892B15C37D007ADE79 /* View */,
				A43FD1B02B15D28C007ADE79 /* ViewController */,
				A43FD18C2B15C3E5007ADE79 /* ImageView */,
				A43FD1852B15BF36007ADE79 /* TableView */,
				A43FD1822B15BE4C007ADE79 /* TableViewCell */,
			);
			path = Extension;
			sourceTree = "<group>";
		};
		A43FD1822B15BE4C007ADE79 /* TableViewCell */ = {
			isa = PBXGroup;
			children = (
				A43FD1832B15BE6E007ADE79 /* TableViewCell+Extension.swift */,
			);
			path = TableViewCell;
			sourceTree = "<group>";
		};
		A43FD1852B15BF36007ADE79 /* TableView */ = {
			isa = PBXGroup;
			children = (
				A43FD1862B15BF56007ADE79 /* TableView+Extension.swift */,
			);
			path = TableView;
			sourceTree = "<group>";
		};
		A43FD1882B15C20F007ADE79 /* Services */ = {
			isa = PBXGroup;
			children = (
				A43FD18F2B15C4C6007ADE79 /* PokeServiceManager.swift */,
				A43FD1912B15C52D007ADE79 /* PokeURLConfiguration.swift */,
				A43FD1962B15C5D9007ADE79 /* ErrorNetwork.swift */,
				A43FD1982B15C7AA007ADE79 /* Paths.swift */,
			);
			path = Services;
			sourceTree = "<group>";
		};
		A43FD1892B15C37D007ADE79 /* View */ = {
			isa = PBXGroup;
			children = (
				A43FD18A2B15C38F007ADE79 /* UIVIew+Extension.swift */,
			);
			path = View;
			sourceTree = "<group>";
		};
		A43FD18C2B15C3E5007ADE79 /* ImageView */ = {
			isa = PBXGroup;
			children = (
				A43FD18D2B15C418007ADE79 /* UIImageView+Extension.swift */,
			);
			path = ImageView;
			sourceTree = "<group>";
		};
		A43FD1932B15C553007ADE79 /* String */ = {
			isa = PBXGroup;
			children = (
				A43FD1942B15C578007ADE79 /* String+Extension.swift */,
			);
			path = String;
			sourceTree = "<group>";
		};
		A43FD19A2B15C88D007ADE79 /* Model */ = {
			isa = PBXGroup;
			children = (
				A43FD19B2B15C893007ADE79 /* Response */,
			);
			path = Model;
			sourceTree = "<group>";
		};
		A43FD19B2B15C893007ADE79 /* Response */ = {
			isa = PBXGroup;
			children = (
				A465AE352D5DC2F000FE9BBE /* TypesPokemonResponse */,
				A43181172B7AE7EA00E2C65E /* ChainEvolutionResponse */,
				A43181122B7AD23500E2C65E /* SpeciesPokemonResponse */,
				A47E94302B7087630049E311 /* SpritesPokemonResponse */,
				A43FD19C2B15C8A0007ADE79 /* AllPokemonResponse */,
			);
			path = Response;
			sourceTree = "<group>";
		};
		A43FD19C2B15C8A0007ADE79 /* AllPokemonResponse */ = {
			isa = PBXGroup;
			children = (
				A43FD19D2B15C91E007ADE79 /* AllPokemonResponse.swift */,
			);
			path = AllPokemonResponse;
			sourceTree = "<group>";
		};
		A43FD1B02B15D28C007ADE79 /* ViewController */ = {
			isa = PBXGroup;
			children = (
				A43FD1B12B15D2A7007ADE79 /* UIViewController+Extension.swift */,
			);
			path = ViewController;
			sourceTree = "<group>";
		};
		A45783D62D40764200852886 /* PokeTabBarController */ = {
			isa = PBXGroup;
			children = (
				A45783D72D40768D00852886 /* PokeTabBarController.swift */,
			);
			path = PokeTabBarController;
			sourceTree = "<group>";
		};
		A465AE352D5DC2F000FE9BBE /* TypesPokemonResponse */ = {
			isa = PBXGroup;
			children = (
				A465AE362D5DC30B00FE9BBE /* TypesPokemonResponse.swift */,
			);
			path = TypesPokemonResponse;
			sourceTree = "<group>";
		};
		A46699922C4F94C700D991B5 /* NoChain */ = {
			isa = PBXGroup;
			children = (
				A46699932C4F94FB00D991B5 /* NoChain.swift */,
				A46699952C4F950F00D991B5 /* NoChain.xib */,
			);
			path = NoChain;
			sourceTree = "<group>";
		};
		A47E94302B7087630049E311 /* SpritesPokemonResponse */ = {
			isa = PBXGroup;
			children = (
				A47E94312B7087AD0049E311 /* SpritesPokemonResponse.swift */,
				A47E94332B708D8A0049E311 /* SpritesResponse.swift */,
			);
			path = SpritesPokemonResponse;
			sourceTree = "<group>";
		};
		A47E94352B7096CC0049E311 /* Array */ = {
			isa = PBXGroup;
			children = (
				A47E94362B7096E70049E311 /* Array+Extension.swift */,
			);
			path = Array;
			sourceTree = "<group>";
		};
		A47E94382B70AF4F0049E311 /* Int */ = {
			isa = PBXGroup;
			children = (
				A47E94392B70AF600049E311 /* Int+Extension.swift */,
			);
			path = Int;
			sourceTree = "<group>";
		};
		A47E943B2B70AFBC0049E311 /* Double */ = {
			isa = PBXGroup;
			children = (
				A47E943C2B70AFCA0049E311 /* Double+Extension.swift */,
			);
			path = Double;
			sourceTree = "<group>";
		};
		A4DB4A6A2D5A8D9800AD9D68 /* Types */ = {
			isa = PBXGroup;
			children = (
				A4DB4AB72D5D2E4F00AD9D68 /* View */,
				A4DB4AB62D5D2E4600AD9D68 /* Interactor */,
				A4DB4AB52D5D2E3400AD9D68 /* Presenter */,
				A4DB4AB42D5D2E2400AD9D68 /* Protocols */,
				A4DB4AB32D5D2E1600AD9D68 /* Router */,
			);
			path = Types;
			sourceTree = "<group>";
		};
		A4DB4AB32D5D2E1600AD9D68 /* Router */ = {
			isa = PBXGroup;
			children = (
				A4DB4AAA2D5D2B7900AD9D68 /* PokeTypesRouter.swift */,
			);
			path = Router;
			sourceTree = "<group>";
		};
		A4DB4AB42D5D2E2400AD9D68 /* Protocols */ = {
			isa = PBXGroup;
			children = (
				A4DB4AA92D5D2B7900AD9D68 /* PokeTypesProtocols.swift */,
			);
			path = Protocols;
			sourceTree = "<group>";
		};
		A4DB4AB52D5D2E3400AD9D68 /* Presenter */ = {
			isa = PBXGroup;
			children = (
				A4DB4AA82D5D2B7900AD9D68 /* PokeTypesPresenter.swift */,
			);
			path = Presenter;
			sourceTree = "<group>";
		};
		A4DB4AB62D5D2E4600AD9D68 /* Interactor */ = {
			isa = PBXGroup;
			children = (
				A4DB4AA72D5D2B7900AD9D68 /* PokeTypesInteractor.swift */,
			);
			path = Interactor;
			sourceTree = "<group>";
		};
		A4DB4AB72D5D2E4F00AD9D68 /* View */ = {
			isa = PBXGroup;
			children = (
				A4DB4AAB2D5D2B7900AD9D68 /* PokeTypesViewController.swift */,
				A4DB4AB82D5D2E7800AD9D68 /* PokeTypesViewControllerExtension.swift */,
				A4DB4AB12D5D2BBF00AD9D68 /* PokeTypesViewController.xib */,
			);
			path = View;
			sourceTree = "<group>";
		};
		A4DB4ABE2D5D312000AD9D68 /* TypesCell */ = {
			isa = PBXGroup;
			children = (
				A4DB4ABA2D5D307600AD9D68 /* TypesCellTableViewCell.swift */,
				A4DB4ABB2D5D307600AD9D68 /* TypesCellTableViewCell.xib */,
			);
			path = TypesCell;
			sourceTree = "<group>";
		};
/* End PBXGroup section */

/* Begin PBXNativeTarget section */
		A405FC932B158AB50088D8FA /* AdventurePokedex */ = {
			isa = PBXNativeTarget;
			buildConfigurationList = A405FCA82B158AB70088D8FA /* Build configuration list for PBXNativeTarget "AdventurePokedex" */;
			buildPhases = (
				A405FC902B158AB50088D8FA /* Sources */,
				A405FC912B158AB50088D8FA /* Frameworks */,
				A405FC922B158AB50088D8FA /* Resources */,
			);
			buildRules = (
			);
			dependencies = (
			);
			name = AdventurePokedex;
			productName = AdventurePokedex;
			productReference = A405FC942B158AB50088D8FA /* AdventurePokedex.app */;
			productType = "com.apple.product-type.application";
		};
/* End PBXNativeTarget section */

/* Begin PBXProject section */
		A405FC8C2B158AB40088D8FA /* Project object */ = {
			isa = PBXProject;
			attributes = {
				BuildIndependentTargetsInParallel = 1;
				LastSwiftUpdateCheck = 1500;
				LastUpgradeCheck = 1500;
				TargetAttributes = {
					A405FC932B158AB50088D8FA = {
						CreatedOnToolsVersion = 15.0.1;
					};
				};
			};
			buildConfigurationList = A405FC8F2B158AB40088D8FA /* Build configuration list for PBXProject "AdventurePokedex" */;
			compatibilityVersion = "Xcode 14.0";
			developmentRegion = en;
			hasScannedForEncodings = 0;
			knownRegions = (
				en,
				Base,
			);
			mainGroup = A405FC8B2B158AB40088D8FA;
			productRefGroup = A405FC952B158AB50088D8FA /* Products */;
			projectDirPath = "";
			projectRoot = "";
			targets = (
				A405FC932B158AB50088D8FA /* AdventurePokedex */,
			);
		};
/* End PBXProject section */

/* Begin PBXResourcesBuildPhase section */
		A405FC922B158AB50088D8FA /* Resources */ = {
			isa = PBXResourcesBuildPhase;
			buildActionMask = 2147483647;
			files = (
				A405FCA42B158AB70088D8FA /* LaunchScreen.storyboard in Resources */,
				A43013E92B5A3BAC00CFDD85 /* PokemonSpriteCollectionViewCell.xib in Resources */,
				A405FCA12B158AB70088D8FA /* Assets.xcassets in Resources */,
				A4DB4ABC2D5D307600AD9D68 /* TypesCellTableViewCell.xib in Resources */,
				A43181112B7ACA5700E2C65E /* Main.storyboard in Resources */,
				A46699962C4F950F00D991B5 /* NoChain.xib in Resources */,
				A43FD1702B15BA6E007ADE79 /* AllPokemonViewController.xib in Resources */,
				A43FD1772B15BBAC007ADE79 /* AllPokemonTableViewCell.xib in Resources */,
				A47E942F2B702A560049E311 /* DetailPokemonViewController.xib in Resources */,
				A431810F2B7AC3FF00E2C65E /* ChainSimple.xib in Resources */,
				A4DB4AB22D5D2BBF00AD9D68 /* PokeTypesViewController.xib in Resources */,
				A49CB1022BEB495500F4293E /* ChainDouble.xib in Resources */,
			);
			runOnlyForDeploymentPostprocessing = 0;
		};
/* End PBXResourcesBuildPhase section */

/* Begin PBXSourcesBuildPhase section */
		A405FC902B158AB50088D8FA /* Sources */ = {
			isa = PBXSourcesBuildPhase;
			buildActionMask = 2147483647;
			files = (
				A43181162B7AD60100E2C65E /* ViewController.swift in Sources */,
				A4DB4AB92D5D2E7D00AD9D68 /* PokeTypesViewControllerExtension.swift in Sources */,
				A45783D82D40768F00852886 /* PokeTabBarController.swift in Sources */,
				A43013EC2B5A400C00CFDD85 /* DetailPokemonViewControllerExtension.swift in Sources */,
				A49CB1002BEB493F00F4293E /* ChainDouble.swift in Sources */,
				A47E94372B7096E70049E311 /* Array+Extension.swift in Sources */,
				A43013DA2B5A382D00CFDD85 /* DetailPokemonViewController.swift in Sources */,
				A43FD1802B15BD0B007ADE79 /* AllPokemonViewControllerExtension.swift in Sources */,
				A47E943A2B70AF600049E311 /* Int+Extension.swift in Sources */,
				A43FD16C2B15B903007ADE79 /* AllPokemonViewController.swift in Sources */,
				A47E94322B7087AD0049E311 /* SpritesPokemonResponse.swift in Sources */,
				A43FD18E2B15C418007ADE79 /* UIImageView+Extension.swift in Sources */,
				A43FD1902B15C4C6007ADE79 /* PokeServiceManager.swift in Sources */,
				A43FD16E2B15B903007ADE79 /* AllPokemonInteractor.swift in Sources */,
				A43FD1842B15BE6E007ADE79 /* TableViewCell+Extension.swift in Sources */,
				A43FD1972B15C5D9007ADE79 /* ErrorNetwork.swift in Sources */,
				A431810D2B7AC3EF00E2C65E /* ChainSimple.swift in Sources */,
				A405FC982B158AB50088D8FA /* AppDelegate.swift in Sources */,
				A46699942C4F94FB00D991B5 /* NoChain.swift in Sources */,
				A46699912C4F421B00D991B5 /* DetailPokemonChain.swift in Sources */,
				A43FD1952B15C578007ADE79 /* String+Extension.swift in Sources */,
				A43FD1992B15C7AA007ADE79 /* Paths.swift in Sources */,
				A43181192B7AE80400E2C65E /* ChainEvolutionResponse.swift in Sources */,
				A43FD1B22B15D2A7007ADE79 /* UIViewController+Extension.swift in Sources */,
				A47E94342B708D8A0049E311 /* SpritesResponse.swift in Sources */,
				A43FD16B2B15B903007ADE79 /* AllPokemonRouter.swift in Sources */,
				A43FD19E2B15C91E007ADE79 /* AllPokemonResponse.swift in Sources */,
				A43FD1872B15BF56007ADE79 /* TableView+Extension.swift in Sources */,
				A43181082B7AAFCF00E2C65E /* Optional+Extension.swift in Sources */,
				A43013D82B5A382D00CFDD85 /* DetailPokemonPresenter.swift in Sources */,
				A465AE372D5DC30C00FE9BBE /* TypesPokemonResponse.swift in Sources */,
				A43FD1762B15BBAC007ADE79 /* AllPokemonTableViewCell.swift in Sources */,
				A4DB4ABD2D5D307600AD9D68 /* TypesCellTableViewCell.swift in Sources */,
				A43013DB2B5A382D00CFDD85 /* DetailPokemonProtocols.swift in Sources */,
				A43013E82B5A3BAC00CFDD85 /* PokemonSpriteCollectionViewCell.swift in Sources */,
				A43FD16A2B15B903007ADE79 /* AllPokemonPresenter.swift in Sources */,
				A47E943D2B70AFCA0049E311 /* Double+Extension.swift in Sources */,
				A4DB4AAC2D5D2B7900AD9D68 /* PokeTypesRouter.swift in Sources */,
				A4DB4AAD2D5D2B7900AD9D68 /* PokeTypesInteractor.swift in Sources */,
				A4DB4AAE2D5D2B7900AD9D68 /* PokeTypesProtocols.swift in Sources */,
				A4DB4AAF2D5D2B7900AD9D68 /* PokeTypesViewController.swift in Sources */,
				A4DB4AB02D5D2B7900AD9D68 /* PokeTypesPresenter.swift in Sources */,
				A405FC9A2B158AB50088D8FA /* SceneDelegate.swift in Sources */,
				A43FD16D2B15B903007ADE79 /* AllPokemonProtocols.swift in Sources */,
				A43181142B7AD25300E2C65E /* SpeciesPokemonResponse.swift in Sources */,
				A43013D92B5A382D00CFDD85 /* DetailPokemonRouter.swift in Sources */,
				A43FD18B2B15C38F007ADE79 /* UIVIew+Extension.swift in Sources */,
				A43FD1922B15C52D007ADE79 /* PokeURLConfiguration.swift in Sources */,
				A43013DC2B5A382D00CFDD85 /* DetailPokemonInteractor.swift in Sources */,
			);
			runOnlyForDeploymentPostprocessing = 0;
		};
/* End PBXSourcesBuildPhase section */

/* Begin PBXVariantGroup section */
		A405FCA22B158AB70088D8FA /* LaunchScreen.storyboard */ = {
			isa = PBXVariantGroup;
			children = (
				A405FCA32B158AB70088D8FA /* Base */,
			);
			name = LaunchScreen.storyboard;
			sourceTree = "<group>";
		};
/* End PBXVariantGroup section */

/* Begin XCBuildConfiguration section */
		A405FCA62B158AB70088D8FA /* Debug */ = {
			isa = XCBuildConfiguration;
			buildSettings = {
				ALWAYS_SEARCH_USER_PATHS = NO;
				ASSETCATALOG_COMPILER_GENERATE_SWIFT_ASSET_SYMBOL_EXTENSIONS = YES;
				CLANG_ANALYZER_NONNULL = YES;
				CLANG_ANALYZER_NUMBER_OBJECT_CONVERSION = YES_AGGRESSIVE;
				CLANG_CXX_LANGUAGE_STANDARD = "gnu++20";
				CLANG_ENABLE_MODULES = YES;
				CLANG_ENABLE_OBJC_ARC = YES;
				CLANG_ENABLE_OBJC_WEAK = YES;
				CLANG_WARN_BLOCK_CAPTURE_AUTORELEASING = YES;
				CLANG_WARN_BOOL_CONVERSION = YES;
				CLANG_WARN_COMMA = YES;
				CLANG_WARN_CONSTANT_CONVERSION = YES;
				CLANG_WARN_DEPRECATED_OBJC_IMPLEMENTATIONS = YES;
				CLANG_WARN_DIRECT_OBJC_ISA_USAGE = YES_ERROR;
				CLANG_WARN_DOCUMENTATION_COMMENTS = YES;
				CLANG_WARN_EMPTY_BODY = YES;
				CLANG_WARN_ENUM_CONVERSION = YES;
				CLANG_WARN_INFINITE_RECURSION = YES;
				CLANG_WARN_INT_CONVERSION = YES;
				CLANG_WARN_NON_LITERAL_NULL_CONVERSION = YES;
				CLANG_WARN_OBJC_IMPLICIT_RETAIN_SELF = YES;
				CLANG_WARN_OBJC_LITERAL_CONVERSION = YES;
				CLANG_WARN_OBJC_ROOT_CLASS = YES_ERROR;
				CLANG_WARN_QUOTED_INCLUDE_IN_FRAMEWORK_HEADER = YES;
				CLANG_WARN_RANGE_LOOP_ANALYSIS = YES;
				CLANG_WARN_STRICT_PROTOTYPES = YES;
				CLANG_WARN_SUSPICIOUS_MOVE = YES;
				CLANG_WARN_UNGUARDED_AVAILABILITY = YES_AGGRESSIVE;
				CLANG_WARN_UNREACHABLE_CODE = YES;
				CLANG_WARN__DUPLICATE_METHOD_MATCH = YES;
				COPY_PHASE_STRIP = NO;
				DEBUG_INFORMATION_FORMAT = dwarf;
				ENABLE_STRICT_OBJC_MSGSEND = YES;
				ENABLE_TESTABILITY = YES;
				ENABLE_USER_SCRIPT_SANDBOXING = YES;
				GCC_C_LANGUAGE_STANDARD = gnu17;
				GCC_DYNAMIC_NO_PIC = NO;
				GCC_NO_COMMON_BLOCKS = YES;
				GCC_OPTIMIZATION_LEVEL = 0;
				GCC_PREPROCESSOR_DEFINITIONS = (
					"DEBUG=1",
					"$(inherited)",
				);
				GCC_WARN_64_TO_32_BIT_CONVERSION = YES;
				GCC_WARN_ABOUT_RETURN_TYPE = YES_ERROR;
				GCC_WARN_UNDECLARED_SELECTOR = YES;
				GCC_WARN_UNINITIALIZED_AUTOS = YES_AGGRESSIVE;
				GCC_WARN_UNUSED_FUNCTION = YES;
				GCC_WARN_UNUSED_VARIABLE = YES;
				IPHONEOS_DEPLOYMENT_TARGET = 15.0;
				LOCALIZATION_PREFERS_STRING_CATALOGS = YES;
				MTL_ENABLE_DEBUG_INFO = INCLUDE_SOURCE;
				MTL_FAST_MATH = YES;
				ONLY_ACTIVE_ARCH = YES;
				SDKROOT = iphoneos;
				SWIFT_ACTIVE_COMPILATION_CONDITIONS = "DEBUG $(inherited)";
				SWIFT_OPTIMIZATION_LEVEL = "-Onone";
			};
			name = Debug;
		};
		A405FCA72B158AB70088D8FA /* Release */ = {
			isa = XCBuildConfiguration;
			buildSettings = {
				ALWAYS_SEARCH_USER_PATHS = NO;
				ASSETCATALOG_COMPILER_GENERATE_SWIFT_ASSET_SYMBOL_EXTENSIONS = YES;
				CLANG_ANALYZER_NONNULL = YES;
				CLANG_ANALYZER_NUMBER_OBJECT_CONVERSION = YES_AGGRESSIVE;
				CLANG_CXX_LANGUAGE_STANDARD = "gnu++20";
				CLANG_ENABLE_MODULES = YES;
				CLANG_ENABLE_OBJC_ARC = YES;
				CLANG_ENABLE_OBJC_WEAK = YES;
				CLANG_WARN_BLOCK_CAPTURE_AUTORELEASING = YES;
				CLANG_WARN_BOOL_CONVERSION = YES;
				CLANG_WARN_COMMA = YES;
				CLANG_WARN_CONSTANT_CONVERSION = YES;
				CLANG_WARN_DEPRECATED_OBJC_IMPLEMENTATIONS = YES;
				CLANG_WARN_DIRECT_OBJC_ISA_USAGE = YES_ERROR;
				CLANG_WARN_DOCUMENTATION_COMMENTS = YES;
				CLANG_WARN_EMPTY_BODY = YES;
				CLANG_WARN_ENUM_CONVERSION = YES;
				CLANG_WARN_INFINITE_RECURSION = YES;
				CLANG_WARN_INT_CONVERSION = YES;
				CLANG_WARN_NON_LITERAL_NULL_CONVERSION = YES;
				CLANG_WARN_OBJC_IMPLICIT_RETAIN_SELF = YES;
				CLANG_WARN_OBJC_LITERAL_CONVERSION = YES;
				CLANG_WARN_OBJC_ROOT_CLASS = YES_ERROR;
				CLANG_WARN_QUOTED_INCLUDE_IN_FRAMEWORK_HEADER = YES;
				CLANG_WARN_RANGE_LOOP_ANALYSIS = YES;
				CLANG_WARN_STRICT_PROTOTYPES = YES;
				CLANG_WARN_SUSPICIOUS_MOVE = YES;
				CLANG_WARN_UNGUARDED_AVAILABILITY = YES_AGGRESSIVE;
				CLANG_WARN_UNREACHABLE_CODE = YES;
				CLANG_WARN__DUPLICATE_METHOD_MATCH = YES;
				COPY_PHASE_STRIP = NO;
				DEBUG_INFORMATION_FORMAT = "dwarf-with-dsym";
				ENABLE_NS_ASSERTIONS = NO;
				ENABLE_STRICT_OBJC_MSGSEND = YES;
				ENABLE_USER_SCRIPT_SANDBOXING = YES;
				GCC_C_LANGUAGE_STANDARD = gnu17;
				GCC_NO_COMMON_BLOCKS = YES;
				GCC_WARN_64_TO_32_BIT_CONVERSION = YES;
				GCC_WARN_ABOUT_RETURN_TYPE = YES_ERROR;
				GCC_WARN_UNDECLARED_SELECTOR = YES;
				GCC_WARN_UNINITIALIZED_AUTOS = YES_AGGRESSIVE;
				GCC_WARN_UNUSED_FUNCTION = YES;
				GCC_WARN_UNUSED_VARIABLE = YES;
				IPHONEOS_DEPLOYMENT_TARGET = 15.0;
				LOCALIZATION_PREFERS_STRING_CATALOGS = YES;
				MTL_ENABLE_DEBUG_INFO = NO;
				MTL_FAST_MATH = YES;
				SDKROOT = iphoneos;
				SWIFT_COMPILATION_MODE = wholemodule;
				VALIDATE_PRODUCT = YES;
			};
			name = Release;
		};
		A405FCA92B158AB70088D8FA /* Debug */ = {
			isa = XCBuildConfiguration;
			buildSettings = {
				ASSETCATALOG_COMPILER_APPICON_NAME = AppIcon;
				ASSETCATALOG_COMPILER_GLOBAL_ACCENT_COLOR_NAME = AccentColor;
				CODE_SIGN_IDENTITY = "Apple Development";
				CODE_SIGN_STYLE = Automatic;
				CURRENT_PROJECT_VERSION = 1;
				DEVELOPMENT_TEAM = T2SGY3LL4V;
				GENERATE_INFOPLIST_FILE = YES;
				INFOPLIST_FILE = AdventurePokedex/Info.plist;
				INFOPLIST_KEY_CFBundleDisplayName = "Adventures Pokedex";
				INFOPLIST_KEY_LSApplicationCategoryType = "public.app-category.adventure-games";
				INFOPLIST_KEY_UIApplicationSupportsIndirectInputEvents = YES;
				INFOPLIST_KEY_UILaunchStoryboardName = LaunchScreen;
				INFOPLIST_KEY_UIMainStoryboardFile = Main;
				INFOPLIST_KEY_UIStatusBarStyle = "";
				INFOPLIST_KEY_UISupportedInterfaceOrientations = UIInterfaceOrientationPortrait;
				IPHONEOS_DEPLOYMENT_TARGET = 15.0;
				LD_RUNPATH_SEARCH_PATHS = (
					"$(inherited)",
					"@executable_path/Frameworks",
				);
				MARKETING_VERSION = 1.0;
				PRODUCT_BUNDLE_IDENTIFIER = com.AdventurePokedex;
				PRODUCT_NAME = "$(TARGET_NAME)";
				PROVISIONING_PROFILE_SPECIFIER = "";
				SUPPORTED_PLATFORMS = "iphoneos iphonesimulator";
				SUPPORTS_MACCATALYST = NO;
				SUPPORTS_MAC_DESIGNED_FOR_IPHONE_IPAD = NO;
				SUPPORTS_XR_DESIGNED_FOR_IPHONE_IPAD = NO;
				SWIFT_EMIT_LOC_STRINGS = YES;
				SWIFT_VERSION = 5.0;
				TARGETED_DEVICE_FAMILY = "1,2";
			};
			name = Debug;
		};
		A405FCAA2B158AB70088D8FA /* Release */ = {
			isa = XCBuildConfiguration;
			buildSettings = {
				ASSETCATALOG_COMPILER_APPICON_NAME = AppIcon;
				ASSETCATALOG_COMPILER_GLOBAL_ACCENT_COLOR_NAME = AccentColor;
				CODE_SIGN_IDENTITY = "Apple Development";
				CODE_SIGN_STYLE = Automatic;
				CURRENT_PROJECT_VERSION = 1;
				DEVELOPMENT_TEAM = T2SGY3LL4V;
				GENERATE_INFOPLIST_FILE = YES;
				INFOPLIST_FILE = AdventurePokedex/Info.plist;
				INFOPLIST_KEY_CFBundleDisplayName = "Adventures Pokedex";
				INFOPLIST_KEY_LSApplicationCategoryType = "public.app-category.adventure-games";
				INFOPLIST_KEY_UIApplicationSupportsIndirectInputEvents = YES;
				INFOPLIST_KEY_UILaunchStoryboardName = LaunchScreen;
				INFOPLIST_KEY_UIMainStoryboardFile = Main;
				INFOPLIST_KEY_UIStatusBarStyle = "";
				INFOPLIST_KEY_UISupportedInterfaceOrientations = UIInterfaceOrientationPortrait;
				IPHONEOS_DEPLOYMENT_TARGET = 15.0;
				LD_RUNPATH_SEARCH_PATHS = (
					"$(inherited)",
					"@executable_path/Frameworks",
				);
				MARKETING_VERSION = 1.0;
				PRODUCT_BUNDLE_IDENTIFIER = com.AdventurePokedex;
				PRODUCT_NAME = "$(TARGET_NAME)";
				PROVISIONING_PROFILE_SPECIFIER = "";
				SUPPORTED_PLATFORMS = "iphoneos iphonesimulator";
				SUPPORTS_MACCATALYST = NO;
				SUPPORTS_MAC_DESIGNED_FOR_IPHONE_IPAD = NO;
				SUPPORTS_XR_DESIGNED_FOR_IPHONE_IPAD = NO;
				SWIFT_EMIT_LOC_STRINGS = YES;
				SWIFT_VERSION = 5.0;
				TARGETED_DEVICE_FAMILY = "1,2";
			};
			name = Release;
		};
/* End XCBuildConfiguration section */

/* Begin XCConfigurationList section */
		A405FC8F2B158AB40088D8FA /* Build configuration list for PBXProject "AdventurePokedex" */ = {
			isa = XCConfigurationList;
			buildConfigurations = (
				A405FCA62B158AB70088D8FA /* Debug */,
				A405FCA72B158AB70088D8FA /* Release */,
			);
			defaultConfigurationIsVisible = 0;
			defaultConfigurationName = Release;
		};
		A405FCA82B158AB70088D8FA /* Build configuration list for PBXNativeTarget "AdventurePokedex" */ = {
			isa = XCConfigurationList;
			buildConfigurations = (
				A405FCA92B158AB70088D8FA /* Debug */,
				A405FCAA2B158AB70088D8FA /* Release */,
			);
			defaultConfigurationIsVisible = 0;
			defaultConfigurationName = Release;
		};
/* End XCConfigurationList section */
	};
	rootObject = A405FC8C2B158AB40088D8FA /* Project object */;
}
